
Microsoft Visual Studio Solution File, Format Version 12.00
# Visual Studio Version 17
VisualStudioVersion = 17.4.33205.214
MinimumVisualStudioVersion = 10.0.40219.1
Project("{9A19103F-16F7-4668-BE54-9A1E7A4F7556}") = "CountriesAPI", "src\CountriesAPI\CountriesAPI.csproj", "{9EAD6E1D-3DC9-4F68-90BF-6146CBB69D4E}"
EndProject
Project("{FAE04EC0-301F-11D3-BF4B-00C04F79EFBC}") = "CountriesAPI.Test", "test\CountriesAPI.Test\CountriesAPI.Test.csproj", "{361328C4-B2F6-41FB-9858-7E698CE04974}"
EndProject
Global
	GlobalSection(SolutionConfigurationPlatforms) = preSolution
		Debug|Any CPU = Debug|Any CPU
		Release|Any CPU = Release|Any CPU
	EndGlobalSection
	GlobalSection(ProjectConfigurationPlatforms) = postSolution
		{9EAD6E1D-3DC9-4F68-90BF-6146CBB69D4E}.Debug|Any CPU.ActiveCfg = Debug|Any CPU
		{9EAD6E1D-3DC9-4F68-90BF-6146CBB69D4E}.Debug|Any CPU.Build.0 = Debug|Any CPU
		{9EAD6E1D-3DC9-4F68-90BF-6146CBB69D4E}.Release|Any CPU.ActiveCfg = Release|Any CPU
		{9EAD6E1D-3DC9-4F68-90BF-6146CBB69D4E}.Release|Any CPU.Build.0 = Release|Any CPU
		{361328C4-B2F6-41FB-9858-7E698CE04974}.Debug|Any CPU.ActiveCfg = Debug|Any CPU
		{361328C4-B2F6-41FB-9858-7E698CE04974}.Debug|Any CPU.Build.0 = Debug|Any CPU
		{361328C4-B2F6-41FB-9858-7E698CE04974}.Release|Any CPU.ActiveCfg = Release|Any CPU
		{361328C4-B2F6-41FB-9858-7E698CE04974}.Release|Any CPU.Build.0 = Release|Any CPU
	EndGlobalSection
	GlobalSection(SolutionProperties) = preSolution
		HideSolutionNode = FALSE
	EndGlobalSection
	GlobalSection(ExtensibilityGlobals) = postSolution
		SolutionGuid = {A7E45704-8D40-477B-B5E2-429D75989BEF}
	EndGlobalSection
EndGlobal
